
Microsoft Visual Studio Solution File, Format Version 12.00
# Visual Studio Version 17
VisualStudioVersion = 17.7.34031.279
MinimumVisualStudioVersion = 10.0.40219.1
Project("{FAE04EC0-301F-11D3-BF4B-00C04F79EFBC}") = "Practical_11", "Practical_11.csproj", "{D11CF6CF-D0C6-40E8-AEFC-9A665F31B42A}"
EndProject
Global
	GlobalSection(SolutionConfigurationPlatforms) = preSolution
		Debug|Any CPU = Debug|Any CPU
		Release|Any CPU = Release|Any CPU
	EndGlobalSection
	GlobalSection(ProjectConfigurationPlatforms) = postSolution
		{D11CF6CF-D0C6-40E8-AEFC-9A665F31B42A}.Debug|Any CPU.ActiveCfg = Debug|Any CPU
		{D11CF6CF-D0C6-40E8-AEFC-9A665F31B42A}.Debug|Any CPU.Build.0 = Debug|Any CPU
		{D11CF6CF-D0C6-40E8-AEFC-9A665F31B42A}.Release|Any CPU.ActiveCfg = Release|Any CPU
		{D11CF6CF-D0C6-40E8-AEFC-9A665F31B42A}.Release|Any CPU.Build.0 = Release|Any CPU
	EndGlobalSection
	GlobalSection(SolutionProperties) = preSolution
		HideSolutionNode = FALSE
	EndGlobalSection
	GlobalSection(ExtensibilityGlobals) = postSolution
		SolutionGuid = {8F2C54EB-2480-4357-8710-C55B9AAA92EF}
	EndGlobalSection
EndGlobal
