
Microsoft Visual Studio Solution File, Format Version 12.00
# Visual Studio Version 17
VisualStudioVersion = 17.7.34302.85
MinimumVisualStudioVersion = 10.0.40219.1
Project("{FAE04EC0-301F-11D3-BF4B-00C04F79EFBC}") = "Practical_8", "Practical_8.csproj", "{5CE10085-D4F9-4CA0-8F89-695F95C56C89}"
EndProject
Global
	GlobalSection(SolutionConfigurationPlatforms) = preSolution
		Debug|Any CPU = Debug|Any CPU
		Release|Any CPU = Release|Any CPU
	EndGlobalSection
	GlobalSection(ProjectConfigurationPlatforms) = postSolution
		{5CE10085-D4F9-4CA0-8F89-695F95C56C89}.Debug|Any CPU.ActiveCfg = Debug|Any CPU
		{5CE10085-D4F9-4CA0-8F89-695F95C56C89}.Debug|Any CPU.Build.0 = Debug|Any CPU
		{5CE10085-D4F9-4CA0-8F89-695F95C56C89}.Release|Any CPU.ActiveCfg = Release|Any CPU
		{5CE10085-D4F9-4CA0-8F89-695F95C56C89}.Release|Any CPU.Build.0 = Release|Any CPU
	EndGlobalSection
	GlobalSection(SolutionProperties) = preSolution
		HideSolutionNode = FALSE
	EndGlobalSection
	GlobalSection(ExtensibilityGlobals) = postSolution
		SolutionGuid = {890EA7A9-4327-46C6-9B6A-F16EE8257815}
	EndGlobalSection
EndGlobal
