
Microsoft Visual Studio Solution File, Format Version 12.00
# Visual Studio Version 17
VisualStudioVersion = 17.7.34031.279
MinimumVisualStudioVersion = 10.0.40219.1
Project("{FAE04EC0-301F-11D3-BF4B-00C04F79EFBC}") = "Practical_7", "Practical_7.csproj", "{F379053B-4A3E-45E1-8702-1E063D8094CD}"
EndProject
Global
	GlobalSection(SolutionConfigurationPlatforms) = preSolution
		Debug|Any CPU = Debug|Any CPU
		Release|Any CPU = Release|Any CPU
	EndGlobalSection
	GlobalSection(ProjectConfigurationPlatforms) = postSolution
		{F379053B-4A3E-45E1-8702-1E063D8094CD}.Debug|Any CPU.ActiveCfg = Debug|Any CPU
		{F379053B-4A3E-45E1-8702-1E063D8094CD}.Debug|Any CPU.Build.0 = Debug|Any CPU
		{F379053B-4A3E-45E1-8702-1E063D8094CD}.Release|Any CPU.ActiveCfg = Release|Any CPU
		{F379053B-4A3E-45E1-8702-1E063D8094CD}.Release|Any CPU.Build.0 = Release|Any CPU
	EndGlobalSection
	GlobalSection(SolutionProperties) = preSolution
		HideSolutionNode = FALSE
	EndGlobalSection
	GlobalSection(ExtensibilityGlobals) = postSolution
		SolutionGuid = {EA84AF9A-AAE4-4FEE-A9CD-D9C5B4471CCD}
	EndGlobalSection
EndGlobal
