
Microsoft Visual Studio Solution File, Format Version 12.00
# Visual Studio Version 17
VisualStudioVersion = 17.7.34031.279
MinimumVisualStudioVersion = 10.0.40219.1
Project("{FAE04EC0-301F-11D3-BF4B-00C04F79EFBC}") = "Practical_6", "Practical_6.csproj", "{A2E1FA33-06CE-4609-8B40-18F1B09C141D}"
EndProject
Global
	GlobalSection(SolutionConfigurationPlatforms) = preSolution
		Debug|Any CPU = Debug|Any CPU
		Release|Any CPU = Release|Any CPU
	EndGlobalSection
	GlobalSection(ProjectConfigurationPlatforms) = postSolution
		{A2E1FA33-06CE-4609-8B40-18F1B09C141D}.Debug|Any CPU.ActiveCfg = Debug|Any CPU
		{A2E1FA33-06CE-4609-8B40-18F1B09C141D}.Debug|Any CPU.Build.0 = Debug|Any CPU
		{A2E1FA33-06CE-4609-8B40-18F1B09C141D}.Release|Any CPU.ActiveCfg = Release|Any CPU
		{A2E1FA33-06CE-4609-8B40-18F1B09C141D}.Release|Any CPU.Build.0 = Release|Any CPU
	EndGlobalSection
	GlobalSection(SolutionProperties) = preSolution
		HideSolutionNode = FALSE
	EndGlobalSection
	GlobalSection(ExtensibilityGlobals) = postSolution
		SolutionGuid = {23861D5F-AD95-47DF-8D65-19277BFE27CC}
	EndGlobalSection
EndGlobal
